Microsoft Visual Studio Solution File, Format Version 12.00
# Visual Studio Version 17
VisualStudioVersion = 17.0.31912.275
MinimumVisualStudioVersion = 10.0.40219.1
Project("{FAE04EC0-301F-11D3-BF4B-00C04F79EFBC}") = "TravelcardFunctionApp", "TravelcardFunctionApp\TravelcardFunctionApp.csproj", "{B6F6C2B9-4A8B-4C1D-A0D9-2A1E2E8A9F1C}"
EndProject
Global
	GlobalSection(SolutionConfigurationPlatforms) = preSolution
		Debug|Any CPU = Debug|Any CPU
	EndGlobalSection
	GlobalSection(ProjectConfigurationPlatforms) = postSolution
		{B6F6C2B9-4A8B-4C1D-A0D9-2A1E2E8A9F1C}.Debug|Any CPU.ActiveCfg = Debug|Any CPU
		{B6F6C2B9-4A8B-4C1D-A0D9-2A1E2E8A9F1C}.Debug|Any CPU.Build.0 = Debug|Any CPU
	EndGlobalSection
EndGlobal
